// !$*UTF8*$!
{
	archiveVersion = 1;
	classes = {
	};
	objectVersion = 46;
	objects = {

/* Begin PBXBuildFile section */
		2BDECEE51C704F75008B2341 /* main.m in Sources */ = {isa = PBXBuildFile; fileRef = 2BDECEE41C704F75008B2341 /* main.m */; };
		2BDECEE81C704F75008B2341 /* AppDelegate.m in Sources */ = {isa = PBXBuildFile; fileRef = 2BDECEE71C704F75008B2341 /* AppDelegate.m */; };
		2BDECEEB1C704F75008B2341 /* ViewController.m in Sources */ = {isa = PBXBuildFile; fileRef = 2BDECEEA1C704F75008B2341 /* ViewController.m */; };
		2BDECEEE1C704F75008B2341 /* Main.storyboard in Resources */ = {isa = PBXBuildFile; fileRef = 2BDECEEC1C704F75008B2341 /* Main.storyboard */; };
		2BDECEF11C704F75008B2341 /* _6_02_14____tableHeardView_QQ_____.xcdatamodeld in Sources */ = {isa = PBXBuildFile; fileRef = 2BDECEEF1C704F75008B2341 /* _6_02_14____tableHeardView_QQ_____.xcdatamodeld */; };
		2BDECEF31C704F75008B2341 /* Assets.xcassets in Resources */ = {isa = PBXBuildFile; fileRef = 2BDECEF21C704F75008B2341 /* Assets.xcassets */; };
		2BDECEF61C704F75008B2341 /* LaunchScreen.storyboard in Resources */ = {isa = PBXBuildFile; fileRef = 2BDECEF41C704F75008B2341 /* LaunchScreen.storyboard */; };
		2BDECF011C704F75008B2341 /* _6_02_14____tableHeardView_QQ_____Tests.m in Sources */ = {isa = PBXBuildFile; fileRef = 2BDECF001C704F75008B2341 /* _6_02_14____tableHeardView_QQ_____Tests.m */; };
		2BDECF0C1C704F75008B2341 /* _6_02_14____tableHeardView_QQ_____UITests.m in Sources */ = {isa = PBXBuildFile; fileRef = 2BDECF0B1C704F75008B2341 /* _6_02_14____tableHeardView_QQ_____UITests.m */; };
/* End PBXBuildFile section */

/* Begin PBXContainerItemProxy section */
		2BDECEFD1C704F75008B2341 /* PBXContainerItemProxy */ = {
			isa = PBXContainerItemProxy;
			containerPortal = 2BDECED81C704F75008B2341 /* Project object */;
			proxyType = 1;
			remoteGlobalIDString = 2BDECEDF1C704F75008B2341;
			remoteInfo = "16-02-14-熔炼-tableHeardView(QQ好友列表)";
		};
		2BDECF081C704F75008B2341 /* PBXContainerItemProxy */ = {
			isa = PBXContainerItemProxy;
			containerPortal = 2BDECED81C704F75008B2341 /* Project object */;
			proxyType = 1;
			remoteGlobalIDString = 2BDECEDF1C704F75008B2341;
			remoteInfo = "16-02-14-熔炼-tableHeardView(QQ好友列表)";
		};
/* End PBXContainerItemProxy section */

/* Begin PBXFileReference section */
		2BDECEE01C704F75008B2341 /* 16-02-14-熔炼-tableHeardView(QQ好友列表).app */ = {isa = PBXFileReference; explicitFileType = wrapper.application; includeInIndex = 0; path = "16-02-14-熔炼-tableHeardView(QQ好友列表).app"; sourceTree = BUILT_PRODUCTS_DIR; };
		2BDECEE41C704F75008B2341 /* main.m */ = {isa = PBXFileReference; lastKnownFileType = sourcecode.c.objc; path = main.m; sourceTree = "<group>"; };
		2BDECEE61C704F75008B2341 /* AppDelegate.h */ = {isa = PBXFileReference; lastKnownFileType = sourcecode.c.h; path = AppDelegate.h; sourceTree = "<group>"; };
		2BDECEE71C704F75008B2341 /* AppDelegate.m */ = {isa = PBXFileReference; lastKnownFileType = sourcecode.c.objc; path = AppDelegate.m; sourceTree = "<group>"; };
		2BDECEE91C704F75008B2341 /* ViewController.h */ = {isa = PBXFileReference; lastKnownFileType = sourcecode.c.h; path = ViewController.h; sourceTree = "<group>"; };
		2BDECEEA1C704F75008B2341 /* ViewController.m */ = {isa = PBXFileReference; lastKnownFileType = sourcecode.c.objc; path = ViewController.m; sourceTree = "<group>"; };
		2BDECEED1C704F75008B2341 /* Base */ = {isa = PBXFileReference; lastKnownFileType = file.storyboard; name = Base; path = Base.lproj/Main.storyboard; sourceTree = "<group>"; };
		2BDECEF01C704F75008B2341 /* _6_02_14____tableHeardView_QQ_____.xcdatamodel */ = {isa = PBXFileReference; lastKnownFileType = wrapper.xcdatamodel; path = "_6_02_14____tableHeardView_QQ_____.xcdatamodel"; sourceTree = "<group>"; };
		2BDECEF21C704F75008B2341 /* Assets.xcassets */ = {isa = PBXFileReference; lastKnownFileType = folder.assetcatalog; path = Assets.xcassets; sourceTree = "<group>"; };
		2BDECEF51C704F75008B2341 /* Base */ = {isa = PBXFileReference; lastKnownFileType = file.storyboard; name = Base; path = Base.lproj/LaunchScreen.storyboard; sourceTree = "<group>"; };
		2BDECEF71C704F75008B2341 /* Info.plist */ = {isa = PBXFileReference; lastKnownFileType = text.plist.xml; path = Info.plist; sourceTree = "<group>"; };
		2BDECEFC1C704F75008B2341 /* 16-02-14-熔炼-tableHeardView(QQ好友列表)Tests.xctest */ = {isa = PBXFileReference; explicitFileType = wrapper.cfbundle; includeInIndex = 0; path = "16-02-14-熔炼-tableHeardView(QQ好友列表)Tests.xctest"; sourceTree = BUILT_PRODUCTS_DIR; };
		2BDECF001C704F75008B2341 /* _6_02_14____tableHeardView_QQ_____Tests.m */ = {isa = PBXFileReference; lastKnownFileType = sourcecode.c.objc; path = "_6_02_14____tableHeardView_QQ_____Tests.m"; sourceTree = "<group>"; };
		2BDECF021C704F75008B2341 /* Info.plist */ = {isa = PBXFileReference; lastKnownFileType = text.plist.xml; path = Info.plist; sourceTree = "<group>"; };
		2BDECF071C704F75008B2341 /* 16-02-14-熔炼-tableHeardView(QQ好友列表)UITests.xctest */ = {isa = PBXFileReference; explicitFileType = wrapper.cfbundle; includeInIndex = 0; path = "16-02-14-熔炼-tableHeardView(QQ好友列表)UITests.xctest"; sourceTree = BUILT_PRODUCTS_DIR; };
		2BDECF0B1C704F75008B2341 /* _6_02_14____tableHeardView_QQ_____UITests.m */ = {isa = PBXFileReference; lastKnownFileType = sourcecode.c.objc; path = "_6_02_14____tableHeardView_QQ_____UITests.m"; sourceTree = "<group>"; };
		2BDECF0D1C704F75008B2341 /* Info.plist */ = {isa = PBXFileReference; lastKnownFileType = text.plist.xml; path = Info.plist; sourceTree = "<group>"; };
/* End PBXFileReference section */

/* Begin PBXFrameworksBuildPhase section */
		2BDECEDD1C704F75008B2341 /* Frameworks */ = {
			isa = PBXFrameworksBuildPhase;
			buildActionMask = 2147483647;
			files = (
			);
			runOnlyForDeploymentPostprocessing = 0;
		};
		2BDECEF91C704F75008B2341 /* Frameworks */ = {
			isa = PBXFrameworksBuildPhase;
			buildActionMask = 2147483647;
			files = (
			);
			runOnlyForDeploymentPostprocessing = 0;
		};
		2BDECF041C704F75008B2341 /* Frameworks */ = {
			isa = PBXFrameworksBuildPhase;
			buildActionMask = 2147483647;
			files = (
			);
			runOnlyForDeploymentPostprocessing = 0;
		};
/* End PBXFrameworksBuildPhase section */

/* Begin PBXGroup section */
		2BDECED71C704F75008B2341 = {
			isa = PBXGroup;
			children = (
				2BDECEE21C704F75008B2341 /* 16-02-14-熔炼-tableHeardView(QQ好友列表) */,
				2BDECEFF1C704F75008B2341 /* 16-02-14-熔炼-tableHeardView(QQ好友列表)Tests */,
				2BDECF0A1C704F75008B2341 /* 16-02-14-熔炼-tableHeardView(QQ好友列表)UITests */,
				2BDECEE11C704F75008B2341 /* Products */,
			);
			sourceTree = "<group>";
		};
		2BDECEE11C704F75008B2341 /* Products */ = {
			isa = PBXGroup;
			children = (
				2BDECEE01C704F75008B2341 /* 16-02-14-熔炼-tableHeardView(QQ好友列表).app */,
				2BDECEFC1C704F75008B2341 /* 16-02-14-熔炼-tableHeardView(QQ好友列表)Tests.xctest */,
				2BDECF071C704F75008B2341 /* 16-02-14-熔炼-tableHeardView(QQ好友列表)UITests.xctest */,
			);
			name = Products;
			sourceTree = "<group>";
		};
		2BDECEE21C704F75008B2341 /* 16-02-14-熔炼-tableHeardView(QQ好友列表) */ = {
			isa = PBXGroup;
			children = (
				2BDECF191C704F9B008B2341 /* Classes */,
				2BDECEE31C704F75008B2341 /* Supporting Files */,
			);
			path = "16-02-14-熔炼-tableHeardView(QQ好友列表)";
			sourceTree = "<group>";
		};
		2BDECEE31C704F75008B2341 /* Supporting Files */ = {
			isa = PBXGroup;
			children = (
				2BDECEF21C704F75008B2341 /* Assets.xcassets */,
				2BDECEE41C704F75008B2341 /* main.m */,
			);
			name = "Supporting Files";
			sourceTree = "<group>";
		};
		2BDECEFF1C704F75008B2341 /* 16-02-14-熔炼-tableHeardView(QQ好友列表)Tests */ = {
			isa = PBXGroup;
			children = (
				2BDECF001C704F75008B2341 /* _6_02_14____tableHeardView_QQ_____Tests.m */,
				2BDECF021C704F75008B2341 /* Info.plist */,
			);
			path = "16-02-14-熔炼-tableHeardView(QQ好友列表)Tests";
			sourceTree = "<group>";
		};
		2BDECF0A1C704F75008B2341 /* 16-02-14-熔炼-tableHeardView(QQ好友列表)UITests */ = {
			isa = PBXGroup;
			children = (
				2BDECF0B1C704F75008B2341 /* _6_02_14____tableHeardView_QQ_____UITests.m */,
				2BDECF0D1C704F75008B2341 /* Info.plist */,
			);
			path = "16-02-14-熔炼-tableHeardView(QQ好友列表)UITests";
			sourceTree = "<group>";
		};
		2BDECF191C704F9B008B2341 /* Classes */ = {
			isa = PBXGroup;
			children = (
				2BDECF1D1C704FCD008B2341 /* other */,
				2BDECF1C1C704FBC008B2341 /* controller */,
				2BDECF1B1C704FB3008B2341 /* model */,
				2BDECF1A1C704FAA008B2341 /* view */,
			);
			name = Classes;
			sourceTree = "<group>";
		};
		2BDECF1A1C704FAA008B2341 /* view */ = {
			isa = PBXGroup;
			children = (
				2BDECEF41C704F75008B2341 /* LaunchScreen.storyboard */,
				2BDECEEC1C704F75008B2341 /* Main.storyboard */,
			);
			name = view;
			sourceTree = "<group>";
		};
		2BDECF1B1C704FB3008B2341 /* model */ = {
			isa = PBXGroup;
			children = (
			);
			name = model;
			sourceTree = "<group>";
		};
		2BDECF1C1C704FBC008B2341 /* controller */ = {
			isa = PBXGroup;
			children = (
				2BDECEE91C704F75008B2341 /* ViewController.h */,
				2BDECEEA1C704F75008B2341 /* ViewController.m */,
			);
			name = controller;
			sourceTree = "<group>";
		};
		2BDECF1D1C704FCD008B2341 /* other */ = {
			isa = PBXGroup;
			children = (
				2BDECEF71C704F75008B2341 /* Info.plist */,
				2BDECEEF1C704F75008B2341 /* _6_02_14____tableHeardView_QQ_____.xcdatamodeld */,
				2BDECEE61C704F75008B2341 /* AppDelegate.h */,
				2BDECEE71C704F75008B2341 /* AppDelegate.m */,
			);
			name = other;
			sourceTree = "<group>";
		};
/* End PBXGroup section */

/* Begin PBXNativeTarget section */
		2BDECEDF1C704F75008B2341 /* 16-02-14-熔炼-tableHeardView(QQ好友列表) */ = {
			isa = PBXNativeTarget;
			buildConfigurationList = 2BDECF101C704F75008B2341 /* Build configuration list for PBXNativeTarget "16-02-14-熔炼-tableHeardView(QQ好友列表)" */;
			buildPhases = (
				2BDECEDC1C704F75008B2341 /* Sources */,
				2BDECEDD1C704F75008B2341 /* Frameworks */,
				2BDECEDE1C704F75008B2341 /* Resources */,
			);
			buildRules = (
			);
			dependencies = (
			);
			name = "16-02-14-熔炼-tableHeardView(QQ好友列表)";
			productName = "16-02-14-熔炼-tableHeardView(QQ好友列表)";
			productReference = 2BDECEE01C704F75008B2341 /* 16-02-14-熔炼-tableHeardView(QQ好友列表).app */;
			productType = "com.apple.product-type.application";
		};
		2BDECEFB1C704F75008B2341 /* 16-02-14-熔炼-tableHeardView(QQ好友列表)Tests */ = {
			isa = PBXNativeTarget;
			buildConfigurationList = 2BDECF131C704F75008B2341 /* Build configuration list for PBXNativeTarget "16-02-14-熔炼-tableHeardView(QQ好友列表)Tests" */;
			buildPhases = (
				2BDECEF81C704F75008B2341 /* Sources */,
				2BDECEF91C704F75008B2341 /* Frameworks */,
				2BDECEFA1C704F75008B2341 /* Resources */,
			);
			buildRules = (
			);
			dependencies = (
				2BDECEFE1C704F75008B2341 /* PBXTargetDependency */,
			);
			name = "16-02-14-熔炼-tableHeardView(QQ好友列表)Tests";
			productName = "16-02-14-熔炼-tableHeardView(QQ好友列表)Tests";
			productReference = 2BDECEFC1C704F75008B2341 /* 16-02-14-熔炼-tableHeardView(QQ好友列表)Tests.xctest */;
			productType = "com.apple.product-type.bundle.unit-test";
		};
		2BDECF061C704F75008B2341 /* 16-02-14-熔炼-tableHeardView(QQ好友列表)UITests */ = {
			isa = PBXNativeTarget;
			buildConfigurationList = 2BDECF161C704F75008B2341 /* Build configuration list for PBXNativeTarget "16-02-14-熔炼-tableHeardView(QQ好友列表)UITests" */;
			buildPhases = (
				2BDECF031C704F75008B2341 /* Sources */,
				2BDECF041C704F75008B2341 /* Frameworks */,
				2BDECF051C704F75008B2341 /* Resources */,
			);
			buildRules = (
			);
			dependencies = (
				2BDECF091C704F75008B2341 /* PBXTargetDependency */,
			);
			name = "16-02-14-熔炼-tableHeardView(QQ好友列表)UITests";
			productName = "16-02-14-熔炼-tableHeardView(QQ好友列表)UITests";
			productReference = 2BDECF071C704F75008B2341 /* 16-02-14-熔炼-tableHeardView(QQ好友列表)UITests.xctest */;
			productType = "com.apple.product-type.bundle.ui-testing";
		};
/* End PBXNativeTarget section */

/* Begin PBXProject section */
		2BDECED81C704F75008B2341 /* Project object */ = {
			isa = PBXProject;
			attributes = {
				LastUpgradeCheck = 0720;
				ORGANIZATIONNAME = man;
				TargetAttributes = {
					2BDECEDF1C704F75008B2341 = {
						CreatedOnToolsVersion = 7.2.1;
					};
					2BDECEFB1C704F75008B2341 = {
						CreatedOnToolsVersion = 7.2.1;
						TestTargetID = 2BDECEDF1C704F75008B2341;
					};
					2BDECF061C704F75008B2341 = {
						CreatedOnToolsVersion = 7.2.1;
						TestTargetID = 2BDECEDF1C704F75008B2341;
					};
				};
			};
			buildConfigurationList = 2BDECEDB1C704F75008B2341 /* Build configuration list for PBXProject "16-02-14-熔炼-tableHeardView(QQ好友列表)" */;
			compatibilityVersion = "Xcode 3.2";
			developmentRegion = English;
			hasScannedForEncodings = 0;
			knownRegions = (
				en,
				Base,
			);
			mainGroup = 2BDECED71C704F75008B2341;
			productRefGroup = 2BDECEE11C704F75008B2341 /* Products */;
			projectDirPath = "";
			projectRoot = "";
			targets = (
				2BDECEDF1C704F75008B2341 /* 16-02-14-熔炼-tableHeardView(QQ好友列表) */,
				2BDECEFB1C704F75008B2341 /* 16-02-14-熔炼-tableHeardView(QQ好友列表)Tests */,
				2BDECF061C704F75008B2341 /* 16-02-14-熔炼-tableHeardView(QQ好友列表)UITests */,
			);
		};
/* End PBXProject section */

/* Begin PBXResourcesBuildPhase section */
		2BDECEDE1C704F75008B2341 /* Resources */ = {
			isa = PBXResourcesBuildPhase;
			buildActionMask = 2147483647;
			files = (
				2BDECEF61C704F75008B2341 /* LaunchScreen.storyboard in Resources */,
				2BDECEF31C704F75008B2341 /* Assets.xcassets in Resources */,
				2BDECEEE1C704F75008B2341 /* Main.storyboard in Resources */,
			);
			runOnlyForDeploymentPostprocessing = 0;
		};
		2BDECEFA1C704F75008B2341 /* Resources */ = {
			isa = PBXResourcesBuildPhase;
			buildActionMask = 2147483647;
			files = (
			);
			runOnlyForDeploymentPostprocessing = 0;
		};
		2BDECF051C704F75008B2341 /* Resources */ = {
			isa = PBXResourcesBuildPhase;
			buildActionMask = 2147483647;
			files = (
			);
			runOnlyForDeploymentPostprocessing = 0;
		};
/* End PBXResourcesBuildPhase section */

/* Begin PBXSourcesBuildPhase section */
		2BDECEDC1C704F75008B2341 /* Sources */ = {
			isa = PBXSourcesBuildPhase;
			buildActionMask = 2147483647;
			files = (
				2BDECEF11C704F75008B2341 /* _6_02_14____tableHeardView_QQ_____.xcdatamodeld in Sources */,
				2BDECEEB1C704F75008B2341 /* ViewController.m in Sources */,
				2BDECEE81C704F75008B2341 /* AppDelegate.m in Sources */,
				2BDECEE51C704F75008B2341 /* main.m in Sources */,
			);
			runOnlyForDeploymentPostprocessing = 0;
		};
		2BDECEF81C704F75008B2341 /* Sources */ = {
			isa = PBXSourcesBuildPhase;
			buildActionMask = 2147483647;
			files = (
				2BDECF011C704F75008B2341 /* _6_02_14____tableHeardView_QQ_____Tests.m in Sources */,
			);
			runOnlyForDeploymentPostprocessing = 0;
		};
		2BDECF031C704F75008B2341 /* Sources */ = {
			isa = PBXSourcesBuildPhase;
			buildActionMask = 2147483647;
			files = (
				2BDECF0C1C704F75008B2341 /* _6_02_14____tableHeardView_QQ_____UITests.m in Sources */,
			);
			runOnlyForDeploymentPostprocessing = 0;
		};
/* End PBXSourcesBuildPhase section */

/* Begin PBXTargetDependency section */
		2BDECEFE1C704F75008B2341 /* PBXTargetDependency */ = {
			isa = PBXTargetDependency;
			target = 2BDECEDF1C704F75008B2341 /* 16-02-14-熔炼-tableHeardView(QQ好友列表) */;
			targetProxy = 2BDECEFD1C704F75008B2341 /* PBXContainerItemProxy */;
		};
		2BDECF091C704F75008B2341 /* PBXTargetDependency */ = {
			isa = PBXTargetDependency;
			target = 2BDECEDF1C704F75008B2341 /* 16-02-14-熔炼-tableHeardView(QQ好友列表) */;
			targetProxy = 2BDECF081C704F75008B2341 /* PBXContainerItemProxy */;
		};
/* End PBXTargetDependency section */

/* Begin PBXVariantGroup section */
		2BDECEEC1C704F75008B2341 /* Main.storyboard */ = {
			isa = PBXVariantGroup;
			children = (
				2BDECEED1C704F75008B2341 /* Base */,
			);
			name = Main.storyboard;
			sourceTree = "<group>";
		};
		2BDECEF41C704F75008B2341 /* LaunchScreen.storyboard */ = {
			isa = PBXVariantGroup;
			children = (
				2BDECEF51C704F75008B2341 /* Base */,
			);
			name = LaunchScreen.storyboard;
			sourceTree = "<group>";
		};
/* End PBXVariantGroup section */

/* Begin XCBuildConfiguration section */
		2BDECF0E1C704F75008B2341 /* Debug */ = {
			isa = XCBuildConfiguration;
			buildSettings = {
				ALWAYS_SEARCH_USER_PATHS = NO;
				CLANG_CXX_LANGUAGE_STANDARD = "gnu++0x";
				CLANG_CXX_LIBRARY = "libc++";
				CLANG_ENABLE_MODULES = YES;
				CLANG_ENABLE_OBJC_ARC = YES;
				CLANG_WARN_BOOL_CONVERSION = YES;
				CLANG_WARN_CONSTANT_CONVERSION = YES;
				CLANG_WARN_DIRECT_OBJC_ISA_USAGE = YES_ERROR;
				CLANG_WARN_EMPTY_BODY = YES;
				CLANG_WARN_ENUM_CONVERSION = YES;
				CLANG_WARN_INT_CONVERSION = YES;
				CLANG_WARN_OBJC_ROOT_CLASS = YES_ERROR;
				CLANG_WARN_UNREACHABLE_CODE = YES;
				CLANG_WARN__DUPLICATE_METHOD_MATCH = YES;
				"CODE_SIGN_IDENTITY[sdk=iphoneos*]" = "iPhone Developer";
				COPY_PHASE_STRIP = NO;
				DEBUG_INFORMATION_FORMAT = dwarf;
				ENABLE_STRICT_OBJC_MSGSEND = YES;
				ENABLE_TESTABILITY = YES;
				GCC_C_LANGUAGE_STANDARD = gnu99;
				GCC_DYNAMIC_NO_PIC = NO;
				GCC_NO_COMMON_BLOCKS = YES;
				GCC_OPTIMIZATION_LEVEL = 0;
				GCC_PREPROCESSOR_DEFINITIONS = (
					"DEBUG=1",
					"$(inherited)",
				);
				GCC_WARN_64_TO_32_BIT_CONVERSION = YES;
				GCC_WARN_ABOUT_RETURN_TYPE = YES_ERROR;
				GCC_WARN_UNDECLARED_SELECTOR = YES;
				GCC_WARN_UNINITIALIZED_AUTOS = YES_AGGRESSIVE;
				GCC_WARN_UNUSED_FUNCTION = YES;
				GCC_WARN_UNUSED_VARIABLE = YES;
				IPHONEOS_DEPLOYMENT_TARGET = 9.2;
				MTL_ENABLE_DEBUG_INFO = YES;
				ONLY_ACTIVE_ARCH = YES;
				SDKROOT = iphoneos;
				TARGETED_DEVICE_FAMILY = "1,2";
			};
			name = Debug;
		};
		2BDECF0F1C704F75008B2341 /* Release */ = {
			isa = XCBuildConfiguration;
			buildSettings = {
				ALWAYS_SEARCH_USER_PATHS = NO;
				CLANG_CXX_LANGUAGE_STANDARD = "gnu++0x";
				CLANG_CXX_LIBRARY = "libc++";
				CLANG_ENABLE_MODULES = YES;
				CLANG_ENABLE_OBJC_ARC = YES;
				CLANG_WARN_BOOL_CONVERSION = YES;
				CLANG_WARN_CONSTANT_CONVERSION = YES;
				CLANG_WARN_DIRECT_OBJC_ISA_USAGE = YES_ERROR;
				CLANG_WARN_EMPTY_BODY = YES;
				CLANG_WARN_ENUM_CONVERSION = YES;
				CLANG_WARN_INT_CONVERSION = YES;
				CLANG_WARN_OBJC_ROOT_CLASS = YES_ERROR;
				CLANG_WARN_UNREACHABLE_CODE = YES;
				CLANG_WARN__DUPLICATE_METHOD_MATCH = YES;
				"CODE_SIGN_IDENTITY[sdk=iphoneos*]" = "iPhone Developer";
				COPY_PHASE_STRIP = NO;
				DEBUG_INFORMATION_FORMAT = "dwarf-with-dsym";
				ENABLE_NS_ASSERTIONS = NO;
				ENABLE_STRICT_OBJC_MSGSEND = YES;
				GCC_C_LANGUAGE_STANDARD = gnu99;
				GCC_NO_COMMON_BLOCKS = YES;
				GCC_WARN_64_TO_32_BIT_CONVERSION = YES;
				GCC_WARN_ABOUT_RETURN_TYPE = YES_ERROR;
				GCC_WARN_UNDECLARED_SELECTOR = YES;
				GCC_WARN_UNINITIALIZED_AUTOS = YES_AGGRESSIVE;
				GCC_WARN_UNUSED_FUNCTION = YES;
				GCC_WARN_UNUSED_VARIABLE = YES;
				IPHONEOS_DEPLOYMENT_TARGET = 9.2;
				MTL_ENABLE_DEBUG_INFO = NO;
				SDKROOT = iphoneos;
				TARGETED_DEVICE_FAMILY = "1,2";
				VALIDATE_PRODUCT = YES;
			};
			name = Release;
		};
		2BDECF111C704F75008B2341 /* Debug */ = {
			isa = XCBuildConfiguration;
			buildSettings = {
				ASSETCATALOG_COMPILER_APPICON_NAME = AppIcon;
				INFOPLIST_FILE = "16-02-14-熔炼-tableHeardView(QQ好友列表)/Info.plist";
				LD_RUNPATH_SEARCH_PATHS = "$(inherited) @executable_path/Frameworks";
				PRODUCT_BUNDLE_IDENTIFIER = "com.cdmq.-6-02-14----tableHeardView-QQ-----";
				PRODUCT_NAME = "$(TARGET_NAME)";
			};
			name = Debug;
		};
		2BDECF121C704F75008B2341 /* Release */ = {
			isa = XCBuildConfiguration;
			buildSettings = {
				ASSETCATALOG_COMPILER_APPICON_NAME = AppIcon;
				INFOPLIST_FILE = "16-02-14-熔炼-tableHeardView(QQ好友列表)/Info.plist";
				LD_RUNPATH_SEARCH_PATHS = "$(inherited) @executable_path/Frameworks";
				PRODUCT_BUNDLE_IDENTIFIER = "com.cdmq.-6-02-14----tableHeardView-QQ-----";
				PRODUCT_NAME = "$(TARGET_NAME)";
			};
			name = Release;
		};
		2BDECF141C704F75008B2341 /* Debug */ = {
			isa = XCBuildConfiguration;
			buildSettings = {
				BUNDLE_LOADER = "$(TEST_HOST)";
				INFOPLIST_FILE = "16-02-14-熔炼-tableHeardView(QQ好友列表)Tests/Info.plist";
				LD_RUNPATH_SEARCH_PATHS = "$(inherited) @executable_path/Frameworks @loader_path/Frameworks";
				PRODUCT_BUNDLE_IDENTIFIER = "com.cdmq.-6-02-14----tableHeardView-QQ-----Tests";
				PRODUCT_NAME = "$(TARGET_NAME)";
				TEST_HOST = "$(BUILT_PRODUCTS_DIR)/16-02-14-熔炼-tableHeardView(QQ好友列表).app/16-02-14-熔炼-tableHeardView(QQ好友列表)";
			};
			name = Debug;
		};
		2BDECF151C704F75008B2341 /* Release */ = {
			isa = XCBuildConfiguration;
			buildSettings = {
				BUNDLE_LOADER = "$(TEST_HOST)";
				INFOPLIST_FILE = "16-02-14-熔炼-tableHeardView(QQ好友列表)Tests/Info.plist";
				LD_RUNPATH_SEARCH_PATHS = "$(inherited) @executable_path/Frameworks @loader_path/Frameworks";
				PRODUCT_BUNDLE_IDENTIFIER = "com.cdmq.-6-02-14----tableHeardView-QQ-----Tests";
				PRODUCT_NAME = "$(TARGET_NAME)";
				TEST_HOST = "$(BUILT_PRODUCTS_DIR)/16-02-14-熔炼-tableHeardView(QQ好友列表).app/16-02-14-熔炼-tableHeardView(QQ好友列表)";
			};
			name = Release;
		};
		2BDECF171C704F75008B2341 /* Debug */ = {
			isa = XCBuildConfiguration;
			buildSettings = {
				INFOPLIST_FILE = "16-02-14-熔炼-tableHeardView(QQ好友列表)UITests/Info.plist";
				LD_RUNPATH_SEARCH_PATHS = "$(inherited) @executable_path/Frameworks @loader_path/Frameworks";
				PRODUCT_BUNDLE_IDENTIFIER = "com.cdmq.-6-02-14----tableHeardView-QQ-----UITests";
				PRODUCT_NAME = "$(TARGET_NAME)";
				TEST_TARGET_NAME = "16-02-14-熔炼-tableHeardView(QQ好友列表)";
				USES_XCTRUNNER = YES;
			};
			name = Debug;
		};
		2BDECF181C704F75008B2341 /* Release */ = {
			isa = XCBuildConfiguration;
			buildSettings = {
				INFOPLIST_FILE = "16-02-14-熔炼-tableHeardView(QQ好友列表)UITests/Info.plist";
				LD_RUNPATH_SEARCH_PATHS = "$(inherited) @executable_path/Frameworks @loader_path/Frameworks";
				PRODUCT_BUNDLE_IDENTIFIER = "com.cdmq.-6-02-14----tableHeardView-QQ-----UITests";
				PRODUCT_NAME = "$(TARGET_NAME)";
				TEST_TARGET_NAME = "16-02-14-熔炼-tableHeardView(QQ好友列表)";
				USES_XCTRUNNER = YES;
			};
			name = Release;
		};
/* End XCBuildConfiguration section */

/* Begin XCConfigurationList section */
		2BDECEDB1C704F75008B2341 /* Build configuration list for PBXProject "16-02-14-熔炼-tableHeardView(QQ好友列表)" */ = {
			isa = XCConfigurationList;
			buildConfigurations = (
				2BDECF0E1C704F75008B2341 /* Debug */,
				2BDECF0F1C704F75008B2341 /* Release */,
			);
			defaultConfigurationIsVisible = 0;
			defaultConfigurationName = Release;
		};
		2BDECF101C704F75008B2341 /* Build configuration list for PBXNativeTarget "16-02-14-熔炼-tableHeardView(QQ好友列表)" */ = {
			isa = XCConfigurationList;
			buildConfigurations = (
				2BDECF111C704F75008B2341 /* Debug */,
				2BDECF121C704F75008B2341 /* Release */,
			);
			defaultConfigurationIsVisible = 0;
		};
		2BDECF131C704F75008B2341 /* Build configuration list for PBXNativeTarget "16-02-14-熔炼-tableHeardView(QQ好友列表)Tests" */ = {
			isa = XCConfigurationList;
			buildConfigurations = (
				2BDECF141C704F75008B2341 /* Debug */,
				2BDECF151C704F75008B2341 /* Release */,
			);
			defaultConfigurationIsVisible = 0;
		};
		2BDECF161C704F75008B2341 /* Build configuration list for PBXNativeTarget "16-02-14-熔炼-tableHeardView(QQ好友列表)UITests" */ = {
			isa = XCConfigurationList;
			buildConfigurations = (
				2BDECF171C704F75008B2341 /* Debug */,
				2BDECF181C704F75008B2341 /* Release */,
			);
			defaultConfigurationIsVisible = 0;
		};
/* End XCConfigurationList section */

/* Begin XCVersionGroup section */
		2BDECEEF1C704F75008B2341 /* _6_02_14____tableHeardView_QQ_____.xcdatamodeld */ = {
			isa = XCVersionGroup;
			children = (
				2BDECEF01C704F75008B2341 /* _6_02_14____tableHeardView_QQ_____.xcdatamodel */,
			);
			currentVersion = 2BDECEF01C704F75008B2341 /* _6_02_14____tableHeardView_QQ_____.xcdatamodel */;
			path = "_6_02_14____tableHeardView_QQ_____.xcdatamodeld";
			sourceTree = "<group>";
			versionGroupType = wrapper.xcdatamodel;
		};
/* End XCVersionGroup section */
	};
	rootObject = 2BDECED81C704F75008B2341 /* Project object */;
}
